
Microsoft Visual Studio Solution File, Format Version 12.00
# Visual Studio 15
VisualStudioVersion = 15.0.28010.2046
MinimumVisualStudioVersion = 10.0.40219.1
Project("{FAE04EC0-301F-11D3-BF4B-00C04F79EFBC}") = "Udemy_CompletePractical_LINQ", "Udemy_CompletePractical_LINQ\Udemy_CompletePractical_LINQ.csproj", "{9C38C474-1D61-4C87-98C6-E22BB7939AF6}"
EndProject
Global
	GlobalSection(SolutionConfigurationPlatforms) = preSolution
		Debug|Any CPU = Debug|Any CPU
		Release|Any CPU = Release|Any CPU
	EndGlobalSection
	GlobalSection(ProjectConfigurationPlatforms) = postSolution
		{9C38C474-1D61-4C87-98C6-E22BB7939AF6}.Debug|Any CPU.ActiveCfg = Debug|Any CPU
		{9C38C474-1D61-4C87-98C6-E22BB7939AF6}.Debug|Any CPU.Build.0 = Debug|Any CPU
		{9C38C474-1D61-4C87-98C6-E22BB7939AF6}.Release|Any CPU.ActiveCfg = Release|Any CPU
		{9C38C474-1D61-4C87-98C6-E22BB7939AF6}.Release|Any CPU.Build.0 = Release|Any CPU
	EndGlobalSection
	GlobalSection(SolutionProperties) = preSolution
		HideSolutionNode = FALSE
	EndGlobalSection
	GlobalSection(ExtensibilityGlobals) = postSolution
		SolutionGuid = {8655309A-32BE-44F7-9E1E-5FA99C5E9FFE}
	EndGlobalSection
EndGlobal
